{
  "version": 4,
  "terraform_version": "1.9.5",
  "serial": 89,
  "lineage": "ca7c15bf-3cbd-8acb-272a-8a144ca65a99",
  "outputs": {
    "kube_config": {
      "value": "./config.yaml",
      "type": "string"
    },
    "password": {
      "value": "password123",
      "type": "string"
    },
    "public_ip": {
      "value": "43.129.85.52",
      "type": "string"
    }
  },
  "resources": [
    {
      "mode": "data",
      "type": "tencentcloud_availability_zones_by_product",
      "name": "default",
      "provider": "provider[\"registry.terraform.io/tencentcloudstack/tencentcloud\"]",
      "instances": [
        {
          "schema_version": 0,
          "attributes": {
            "id": "1851109860",
            "include_unavailable": null,
            "name": null,
            "product": "cvm",
            "result_output_file": null,
            "zones": [
              {
                "description": "Hong Kong Zone 2",
                "id": "300002",
                "name": "ap-hongkong-2",
                "state": "AVAILABLE"
              },
              {
                "description": "Hong Kong Zone 3",
                "id": "300003",
                "name": "ap-hongkong-3",
                "state": "AVAILABLE"
              }
            ]
          },
          "sensitive_attributes": []
        }
      ]
    },
    {
      "mode": "data",
      "type": "tencentcloud_images",
      "name": "default",
      "provider": "provider[\"registry.terraform.io/tencentcloudstack/tencentcloud\"]",
      "instances": [
        {
          "schema_version": 0,
          "attributes": {
            "id": "3943428822",
            "image_id": null,
            "image_name_regex": null,
            "image_type": [
              "PUBLIC_IMAGE"
            ],
            "images": [
              {
                "architecture": "x86_64",
                "created_time": "",
                "image_creator": "",
                "image_description": "Ubuntu Server 22.04 LTS 64bit",
                "image_id": "img-487zeit5",
                "image_name": "Ubuntu Server 22.04 LTS 64bit",
                "image_size": 20,
                "image_source": "OFFICIAL",
                "image_state": "NORMAL",
                "image_type": "PUBLIC_IMAGE",
                "os_name": "Ubuntu Server 22.04 LTS 64bit",
                "platform": "Ubuntu",
                "snapshots": [],
                "support_cloud_init": true,
                "sync_percent": 0
              },
              {
                "architecture": "x86_64",
                "created_time": "",
                "image_creator": "",
                "image_description": "Ubuntu Server 24.04 LTS 64bit",
                "image_id": "img-mmytdhbn",
                "image_name": "Ubuntu Server 24.04 LTS 64bit",
                "image_size": 20,
                "image_source": "OFFICIAL",
                "image_state": "NORMAL",
                "image_type": "PUBLIC_IMAGE",
                "os_name": "Ubuntu Server 24.04 LTS 64bit",
                "platform": "Ubuntu",
                "snapshots": [],
                "support_cloud_init": true,
                "sync_percent": 0
              },
              {
                "architecture": "x86_64",
                "created_time": "",
                "image_creator": "",
                "image_description": "Ubuntu Server 22.04 LTS 64bit GRID16.2",
                "image_id": "img-fipweiwz",
                "image_name": "Ubuntu Server 22.04 LTS 64bit GRID16.2",
                "image_size": 20,
                "image_source": "OFFICIAL",
                "image_state": "NORMAL",
                "image_type": "PUBLIC_IMAGE",
                "os_name": "Ubuntu Server 22.04 LTS 64bit GRID16.2",
                "platform": "Ubuntu",
                "snapshots": [],
                "support_cloud_init": true,
                "sync_percent": 0
              },
              {
                "architecture": "x86_64",
                "created_time": "",
                "image_creator": "",
                "image_description": "Ubuntu Server 20.04 LTS 64bit",
                "image_id": "img-22trbn9x",
                "image_name": "Ubuntu Server 20.04 LTS 64bit",
                "image_size": 20,
                "image_source": "OFFICIAL",
                "image_state": "NORMAL",
                "image_type": "PUBLIC_IMAGE",
                "os_name": "Ubuntu Server 20.04 LTS 64bit",
                "platform": "Ubuntu",
                "snapshots": [],
                "support_cloud_init": true,
                "sync_percent": 0
              },
              {
                "architecture": "x86_64",
                "created_time": "",
                "image_creator": "",
                "image_description": "Ubuntu Server 20.04 LTS 64bit GRID16.2",
                "image_id": "img-rx55p5nv",
                "image_name": "Ubuntu Server 20.04 LTS 64bit GRID16.2",
                "image_size": 20,
                "image_source": "OFFICIAL",
                "image_state": "NORMAL",
                "image_type": "PUBLIC_IMAGE",
                "os_name": "Ubuntu Server 20.04 LTS 64bit GRID16.2",
                "platform": "Ubuntu",
                "snapshots": [],
                "support_cloud_init": true,
                "sync_percent": 0
              },
              {
                "architecture": "x86_64",
                "created_time": "",
                "image_creator": "",
                "image_description": "Ubuntu Server 20.04 LTS 64bit GRID11.1",
                "image_id": "img-j10l2cnz",
                "image_name": "Ubuntu Server 20.04 LTS 64bit GRID11.1",
                "image_size": 20,
                "image_source": "OFFICIAL",
                "image_state": "NORMAL",
                "image_type": "PUBLIC_IMAGE",
                "os_name": "Ubuntu Server 20.04 LTS 64bit GRID11.1",
                "platform": "Ubuntu",
                "snapshots": [],
                "support_cloud_init": true,
                "sync_percent": 0
              },
              {
                "architecture": "arm",
                "created_time": "",
                "image_creator": "",
                "image_description": "Ubuntu 20.04(arm64)",
                "image_id": "img-2eokmhf5",
                "image_name": "Ubuntu 20.04(arm64)",
                "image_size": 20,
                "image_source": "OFFICIAL",
                "image_state": "NORMAL",
                "image_type": "PUBLIC_IMAGE",
                "os_name": "Ubuntu 20.04(arm64)",
                "platform": "Ubuntu",
                "snapshots": [],
                "support_cloud_init": true,
                "sync_percent": 0
              },
              {
                "architecture": "x86_64",
                "created_time": "",
                "image_creator": "",
                "image_description": "Ubuntu Server 18.04 LTS 64bit",
                "image_id": "img-pi0ii46r",
                "image_name": "Ubuntu Server 18.04 LTS 64bit",
                "image_size": 20,
                "image_source": "OFFICIAL",
                "image_state": "NORMAL",
                "image_type": "PUBLIC_IMAGE",
                "os_name": "Ubuntu Server 18.04 LTS 64bit",
                "platform": "Ubuntu",
                "snapshots": [],
                "support_cloud_init": true,
                "sync_percent": 0
              },
              {
                "architecture": "arm",
                "created_time": "",
                "image_creator": "",
                "image_description": "Ubuntu 18.04(arm64)",
                "image_id": "img-9eh8c1p1",
                "image_name": "Ubuntu 18.04(arm64)",
                "image_size": 20,
                "image_source": "OFFICIAL",
                "image_state": "NORMAL",
                "image_type": "PUBLIC_IMAGE",
                "os_name": "Ubuntu 18.04(arm64)",
                "platform": "Ubuntu",
                "snapshots": [],
                "support_cloud_init": true,
                "sync_percent": 0
              },
              {
                "architecture": "x86_64",
                "created_time": "",
                "image_creator": "",
                "image_description": "Ubuntu Server 16.04 LTS 64bit",
                "image_id": "img-pyqx34y1",
                "image_name": "Ubuntu Server 16.04 LTS 64bit",
                "image_size": 20,
                "image_source": "OFFICIAL",
                "image_state": "NORMAL",
                "image_type": "PUBLIC_IMAGE",
                "os_name": "Ubuntu Server 16.04 LTS 64bit",
                "platform": "Ubuntu",
                "snapshots": [],
                "support_cloud_init": true,
                "sync_percent": 0
              },
              {
                "architecture": "i386",
                "created_time": "",
                "image_creator": "",
                "image_description": "Ubuntu Server 16.04 LTS 32bit",
                "image_id": "img-8u6dn6p1",
                "image_name": "Ubuntu Server 16.04 LTS 32bit",
                "image_size": 20,
                "image_source": "OFFICIAL",
                "image_state": "NORMAL",
                "image_type": "PUBLIC_IMAGE",
                "os_name": "Ubuntu Server 16.04 LTS 32bit",
                "platform": "Ubuntu",
                "snapshots": [],
                "support_cloud_init": true,
                "sync_percent": 0
              },
              {
                "architecture": "x86_64",
                "created_time": "",
                "image_creator": "",
                "image_description": "Ubuntu Server 14.04 LTS 64bit",
                "image_id": "img-3wnd9xpl",
                "image_name": "Ubuntu Server 14.04 LTS 64bit",
                "image_size": 20,
                "image_source": "OFFICIAL",
                "image_state": "NORMAL",
                "image_type": "PUBLIC_IMAGE",
                "os_name": "Ubuntu Server 14.04 LTS 64bit",
                "platform": "Ubuntu",
                "snapshots": [],
                "support_cloud_init": true,
                "sync_percent": 0
              },
              {
                "architecture": "i386",
                "created_time": "",
                "image_creator": "",
                "image_description": "Ubuntu Server 14.04 LTS 32bit",
                "image_id": "img-qpxvpujt",
                "image_name": "Ubuntu Server 14.04 LTS 32bit",
                "image_size": 50,
                "image_source": "OFFICIAL",
                "image_state": "NORMAL",
                "image_type": "PUBLIC_IMAGE",
                "os_name": "Ubuntu Server 14.04 LTS 32bit",
                "platform": "Ubuntu",
                "snapshots": [],
                "support_cloud_init": false,
                "sync_percent": 0
              },
              {
                "architecture": "x86_64",
                "created_time": "",
                "image_creator": "",
                "image_description": "Ubuntu Server 22.04 LTS 64bit UEFI版",
                "image_id": "img-7rotv4ux",
                "image_name": "Ubuntu Server 22.04 LTS 64bit UEFI版",
                "image_size": 20,
                "image_source": "OFFICIAL",
                "image_state": "NORMAL",
                "image_type": "PUBLIC_IMAGE",
                "os_name": "Ubuntu Server 22.04 LTS 64bit UEFI版",
                "platform": "Ubuntu",
                "snapshots": [],
                "support_cloud_init": true,
                "sync_percent": 0
              }
            ],
            "instance_type": null,
            "os_name": "ubuntu",
            "result_output_file": null
          },
          "sensitive_attributes": []
        }
      ]
    },
    {
      "mode": "data",
      "type": "tencentcloud_instance_types",
      "name": "default",
      "provider": "provider[\"registry.terraform.io/tencentcloudstack/tencentcloud\"]",
      "instances": [
        {
          "schema_version": 0,
          "attributes": {
            "availability_zone": null,
            "cpu_core_count": 2,
            "exclude_sold_out": true,
            "filter": [
              {
                "name": "instance-family",
                "values": [
                  "SA5"
                ]
              }
            ],
            "gpu_core_count": null,
            "id": "101746864",
            "instance_types": [
              {
                "availability_zone": "ap-hongkong-2",
                "cpu_core_count": 2,
                "family": "SA5",
                "gpu_core_count": 0,
                "instance_charge_type": "PREPAID",
                "instance_type": "SA5.MEDIUM4",
                "memory_size": 4,
                "status": "SELL"
              },
              {
                "availability_zone": "ap-hongkong-3",
                "cpu_core_count": 2,
                "family": "SA5",
                "gpu_core_count": 0,
                "instance_charge_type": "PREPAID",
                "instance_type": "SA5.MEDIUM4",
                "memory_size": 4,
                "status": "SELL"
              },
              {
                "availability_zone": "ap-hongkong-2",
                "cpu_core_count": 2,
                "family": "SA5",
                "gpu_core_count": 0,
                "instance_charge_type": "POSTPAID_BY_HOUR",
                "instance_type": "SA5.MEDIUM4",
                "memory_size": 4,
                "status": "SELL"
              },
              {
                "availability_zone": "ap-hongkong-3",
                "cpu_core_count": 2,
                "family": "SA5",
                "gpu_core_count": 0,
                "instance_charge_type": "POSTPAID_BY_HOUR",
                "instance_type": "SA5.MEDIUM4",
                "memory_size": 4,
                "status": "SELL"
              },
              {
                "availability_zone": "ap-hongkong-2",
                "cpu_core_count": 2,
                "family": "SA5",
                "gpu_core_count": 0,
                "instance_charge_type": "SPOTPAID",
                "instance_type": "SA5.MEDIUM4",
                "memory_size": 4,
                "status": "SELL"
              },
              {
                "availability_zone": "ap-hongkong-3",
                "cpu_core_count": 2,
                "family": "SA5",
                "gpu_core_count": 0,
                "instance_charge_type": "SPOTPAID",
                "instance_type": "SA5.MEDIUM4",
                "memory_size": 4,
                "status": "SELL"
              }
            ],
            "memory_size": 4,
            "result_output_file": null
          },
          "sensitive_attributes": []
        }
      ]
    },
    {
      "mode": "managed",
      "type": "tencentcloud_instance",
      "name": "web",
      "provider": "provider[\"registry.terraform.io/tencentcloudstack/tencentcloud\"]",
      "instances": [
        {
          "index_key": 0,
          "schema_version": 0,
          "attributes": {
            "allocate_public_ip": true,
            "availability_zone": "ap-hongkong-2",
            "bandwidth_package_id": null,
            "cam_role_name": "",
            "cdh_host_id": null,
            "cdh_instance_type": null,
            "create_time": "2024-11-10T09:19:49Z",
            "data_disks": [],
            "disable_api_termination": false,
            "disable_monitor_service": false,
            "disable_security_service": false,
            "expired_time": "",
            "force_delete": false,
            "hostname": null,
            "id": "ins-lhi3qy9a",
            "image_id": "img-487zeit5",
            "instance_charge_type": "SPOTPAID",
            "instance_charge_type_prepaid_period": null,
            "instance_charge_type_prepaid_renew_flag": "",
            "instance_count": null,
            "instance_name": "web server",
            "instance_status": "RUNNING",
            "instance_type": "SA5.MEDIUM4",
            "internet_charge_type": "TRAFFIC_POSTPAID_BY_HOUR",
            "internet_max_bandwidth_out": 100,
            "keep_image_login": null,
            "key_ids": [
              ""
            ],
            "key_name": "",
            "orderly_security_groups": [
              "sg-g0ubv8jd"
            ],
            "password": "password123",
            "placement_group_id": null,
            "private_ip": "172.19.0.6",
            "project_id": 0,
            "public_ip": "43.129.85.52",
            "running_flag": true,
            "security_groups": [
              "sg-g0ubv8jd"
            ],
            "spot_instance_type": null,
            "spot_max_price": null,
            "stopped_mode": null,
            "subnet_id": "subnet-namd3iv5",
            "system_disk_id": "disk-ge8spe84",
            "system_disk_size": 50,
            "system_disk_type": "CLOUD_BSSD",
            "tags": {},
            "user_data": null,
            "user_data_raw": null,
            "vpc_id": "vpc-2yi60yxi"
          },
          "sensitive_attributes": [
            [
              {
                "type": "get_attr",
                "value": "password"
              }
            ]
          ],
          "private": "bnVsbA==",
          "dependencies": [
            "data.tencentcloud_availability_zones_by_product.default",
            "data.tencentcloud_images.default",
            "data.tencentcloud_instance_types.default",
            "tencentcloud_security_group.default",
            "tencentcloud_security_group_lite_rule.default"
          ]
        }
      ]
    },
    {
      "mode": "managed",
      "type": "tencentcloud_security_group",
      "name": "default",
      "provider": "provider[\"registry.terraform.io/tencentcloudstack/tencentcloud\"]",
      "instances": [
        {
          "schema_version": 0,
          "attributes": {
            "description": "make it accessible for both production and stage ports",
            "id": "sg-g0ubv8jd",
            "name": "tf-security-group",
            "project_id": 0,
            "tags": {}
          },
          "sensitive_attributes": [],
          "private": "bnVsbA=="
        }
      ]
    },
    {
      "mode": "managed",
      "type": "tencentcloud_security_group_lite_rule",
      "name": "default",
      "provider": "provider[\"registry.terraform.io/tencentcloudstack/tencentcloud\"]",
      "instances": [
        {
          "schema_version": 0,
          "attributes": {
            "egress": [
              "ACCEPT#0.0.0.0/0#ALL#ALL"
            ],
            "id": "sg-g0ubv8jd",
            "ingress": [
              "ACCEPT#0.0.0.0/0#22#TCP",
              "ACCEPT#0.0.0.0/0#6443#TCP"
            ],
            "security_group_id": "sg-g0ubv8jd"
          },
          "sensitive_attributes": [],
          "private": "bnVsbA==",
          "dependencies": [
            "tencentcloud_security_group.default"
          ]
        }
      ]
    }
  ],
  "check_results": [
    {
      "object_kind": "var",
      "config_addr": "module.k3s.var.k3s_install_env_vars",
      "status": "pass",
      "objects": [
        {
          "object_addr": "module.k3s.var.k3s_install_env_vars",
          "status": "pass"
        }
      ]
    },
    {
      "object_kind": "var",
      "config_addr": "module.k3s.var.name",
      "status": "unknown",
      "objects": [
        {
          "object_addr": "module.k3s.var.name",
          "status": "unknown"
        }
      ]
    },
    {
      "object_kind": "var",
      "config_addr": "module.k3s.var.agents",
      "status": "pass",
      "objects": [
        {
          "object_addr": "module.k3s.var.agents",
          "status": "pass"
        }
      ]
    },
    {
      "object_kind": "var",
      "config_addr": "module.k3s.var.servers",
      "status": "pass",
      "objects": [
        {
          "object_addr": "module.k3s.var.servers",
          "status": "pass"
        }
      ]
    }
  ]
}
