{
  "version": 4,
  "terraform_version": "1.9.5",
  "serial": 22,
  "lineage": "7a0e8d4e-22bd-6cef-f3b4-87e2a358ebc3",
  "outputs": {},
  "resources": [
    {
      "mode": "managed",
      "type": "local_sensitive_file",
      "name": "kubeconfig",
      "provider": "provider[\"registry.terraform.io/hashicorp/local\"]",
      "instances": [
        {
          "schema_version": 0,
          "attributes": {
            "content": "\"apiVersion\": \"v1\"\n\"clusters\":\n- \"cluster\":\n    \"certificate-authority-data\": \"LS0tLS1CRUdJTiBDRVJUSUZJQ0FURS0tLS0tCk1JSUJ2akNDQVVTZ0F3SUJBZ0lSQU5nM01OdzF5OW5jS0EyWGZUK0tJUmN3Q2dZSUtvWkl6ajBFQXdNd0h6RWQKTUJzR0ExVUVBeE1VYTNWaVpYSnVaWFJsY3kxelpYSjJaWEl0WTJFd0lCY05NalF4TVRFd01URTBOek15V2hnUApNakV5TkRFeE1URXhNVFEzTXpKYU1COHhIVEFiQmdOVkJBTVRGR3QxWW1WeWJtVjBaWE10YzJWeWRtVnlMV05oCk1IWXdFQVlIS29aSXpqMENBUVlGSzRFRUFDSURZZ0FFRjhYVkhTMFYydUI4ZFpaYkJMc1MyMkJxZ3VMSndxWjAKUVBONE5QTDh6STN4UTJyZmV3VEFNbWVubmhNaUpES1VDeW9GYitabG9ZU2lSTjRZL1FEMUxTSWIwYU1RblpZcgpPM1h1RkhkandwVms2bkRlRGdUeTFlVnJiaFJra2QrcW8wSXdRREFPQmdOVkhROEJBZjhFQkFNQ0FxUXdEd1lEClZSMFRBUUgvQkFVd0F3RUIvekFkQmdOVkhRNEVGZ1FVMkVPaUg3Ulp3UXU5NEJzZ0o2cUFoOTlDWk04d0NnWUkKS29aSXpqMEVBd01EYUFBd1pRSXhBTnVQSTBBN3BHV3RLUXJWRVhmSllaWExwR0dXZXRFYzlMQmNGb2hCVStsWApuSXVtZm9OUTNHRjVmcXFHSW9WbnlBSXdPSWdSSnk3OGU0MXFOd2dXYTY3N2hldHZsVjJJUU8rU2ZZMTVCakU4ClJ0b09YWGdVTHppRUk1SHNYY04rV0NCcgotLS0tLUVORCBDRVJUSUZJQ0FURS0tLS0tCg==\"\n    \"server\": \"https://43.135.127.238:6443\"\n  \"name\": \"cluster.local\"\n\"contexts\":\n- \"context\":\n    \"cluster\": \"cluster.local\"\n    \"user\": \"master-user\"\n  \"name\": \"cluster.local\"\n\"current-context\": \"cluster.local\"\n\"kind\": \"Config\"\n\"preferences\": {}\n\"users\":\n- \"name\": \"master-user\"\n  \"user\":\n    \"client-certificate-data\": \"LS0tLS1CRUdJTiBDRVJUSUZJQ0FURS0tLS0tCk1JSUI0akNDQVdlZ0F3SUJBZ0lRREtLVE5JVTFGMXJIK1A0M3BBREk3akFLQmdncWhrak9QUVFEQXpBZk1SMHcKR3dZRFZRUURFeFJyZFdKbGNtNWxkR1Z6TFdOc2FXVnVkQzFqWVRBZ0Z3MHlOREV4TVRBeE1UUTNNekphR0E4eQpNVEkwTVRFeE1URXhORGN6TWxvd0x6RVhNQlVHQTFVRUNoTU9jM2x6ZEdWdE9tMWhjM1JsY25NeEZEQVNCZ05WCkJBTVRDMjFoYzNSbGNpMTFjMlZ5TUhZd0VBWUhLb1pJemowQ0FRWUZLNEVFQUNJRFlnQUVGV1BxUm1HUzc3bnkKRDhvMlBZMmF0OEJGY1k1YjZmZUlsd1JDeUgwSDdFMC9yYzJlVUZ0ZXFzTXpBVVZ3NThoTlp3empFYldSa1lLSgpseVBFVS9WdE03SGNiRlg2UE5mY0xmc0h3NnVqTGlHN1c2K1NZRGMzUlo1eGdJK1UxNXZGbzFZd1ZEQU9CZ05WCkhROEJBZjhFQkFNQ0JhQXdFd1lEVlIwbEJBd3dDZ1lJS3dZQkJRVUhBd0l3REFZRFZSMFRBUUgvQkFJd0FEQWYKQmdOVkhTTUVHREFXZ0JSbk50aVVjTTcrS3kxbTZOaFdhYUtQNlBhY0NEQUtCZ2dxaGtqT1BRUURBd05wQURCbQpBakVBa1pnZytnZStXSjlVUWtRaTBvV0U3UnJWSDZVM0xxYzJscXhrYlYvQzRzTEdkZVFTY0RRaTQ4MVJOTXpoCmwwVGVBakVBeUNHNXNheXdTUHFqRXJzUHVVSjh0dCsrUzZmc0tuVk01M0tBWUV4cTFXTmdNM29yUVczZUxJc3IKYytZNlJJNkgKLS0tLS1FTkQgQ0VSVElGSUNBVEUtLS0tLQo=\"\n    \"client-key-data\": \"LS0tLS1CRUdJTiBFQyBQUklWQVRFIEtFWS0tLS0tCk1JR2tBZ0VCQkRBc0dRaWxKMVVNekZ1alFYTFZwUWhBcDhzd3ZJZlcxbW1ZK1E1TEVIUFlSR1pyZ2UyWUllS3YKTGh4ZDVnVWNPMldnQndZRks0RUVBQ0toWkFOaUFBUVZZK3BHWVpMdnVmSVB5alk5alpxM3dFVnhqbHZwOTRpWApCRUxJZlFmc1RUK3R6WjVRVzE2cXd6TUJSWERueUUxbkRPTVJ0WkdSZ29tWEk4UlQ5VzB6c2R4c1ZmbzgxOXd0Cit3ZkRxNk11SWJ0YnI1SmdOemRGbm5HQWo1VFhtOFU9Ci0tLS0tRU5EIEVDIFBSSVZBVEUgS0VZLS0tLS0K\"\n",
            "content_base64": null,
            "content_base64sha256": "uDjwCKK0T7wFisK0hBoVUzmBhVUOHrIbwcUYgtR/qQs=",
            "content_base64sha512": "DylCg3VIdwBoESt31XFiIEjBt1Zd2+NaCKlbchEfsxsqR3M2t5k0JDEzfCHU6+vZcYRolFN96olJxeGj1VLupw==",
            "content_md5": "c4afcb1f421c4168a17e861ab7474a06",
            "content_sha1": "e9d0db327824ffb6abac8e32da29cd6bb00d7310",
            "content_sha256": "b838f008a2b44fbc058ac2b4841a1553398185550e1eb21bc1c51882d47fa90b",
            "content_sha512": "0f2942837548770068112b77d571622048c1b7565ddbe35a08a95b72111fb31b2a477336b799342431337c21d4ebebd971846894537dea8949c5e1a3d552eea7",
            "directory_permission": "0700",
            "file_permission": "0700",
            "filename": "./config.yaml",
            "id": "e9d0db327824ffb6abac8e32da29cd6bb00d7310",
            "source": null
          },
          "sensitive_attributes": [
            [
              {
                "type": "get_attr",
                "value": "content_base64"
              }
            ],
            [
              {
                "type": "get_attr",
                "value": "content"
              }
            ]
          ],
          "dependencies": [
            "module.cvm.data.tencentcloud_availability_zones_by_product.default",
            "module.cvm.data.tencentcloud_images.default",
            "module.cvm.data.tencentcloud_instance_types.default",
            "module.cvm.tencentcloud_instance.web",
            "module.cvm.tencentcloud_security_group.default",
            "module.cvm.tencentcloud_security_group_lite_rule.default",
            "module.k3s.module.k3s.tls_cert_request.master_user",
            "module.k3s.module.k3s.tls_locally_signed_cert.master_user",
            "module.k3s.module.k3s.tls_private_key.kubernetes_ca",
            "module.k3s.module.k3s.tls_private_key.master_user",
            "module.k3s.module.k3s.tls_self_signed_cert.kubernetes_ca_certs"
          ]
        }
      ]
    },
    {
      "module": "module.cvm",
      "mode": "data",
      "type": "tencentcloud_availability_zones_by_product",
      "name": "default",
      "provider": "module.cvm.provider[\"registry.terraform.io/tencentcloudstack/tencentcloud\"]",
      "instances": [
        {
          "schema_version": 0,
          "attributes": {
            "id": "1851109860",
            "include_unavailable": null,
            "name": null,
            "product": "cvm",
            "result_output_file": null,
            "zones": [
              {
                "description": "Hong Kong Zone 2",
                "id": "300002",
                "name": "ap-hongkong-2",
                "state": "AVAILABLE"
              },
              {
                "description": "Hong Kong Zone 3",
                "id": "300003",
                "name": "ap-hongkong-3",
                "state": "AVAILABLE"
              }
            ]
          },
          "sensitive_attributes": []
        }
      ]
    },
    {
      "module": "module.cvm",
      "mode": "data",
      "type": "tencentcloud_images",
      "name": "default",
      "provider": "module.cvm.provider[\"registry.terraform.io/tencentcloudstack/tencentcloud\"]",
      "instances": [
        {
          "schema_version": 0,
          "attributes": {
            "id": "3943428822",
            "image_id": null,
            "image_name_regex": null,
            "image_type": [
              "PUBLIC_IMAGE"
            ],
            "images": [
              {
                "architecture": "x86_64",
                "created_time": "",
                "image_creator": "",
                "image_description": "Ubuntu Server 22.04 LTS 64bit",
                "image_id": "img-487zeit5",
                "image_name": "Ubuntu Server 22.04 LTS 64bit",
                "image_size": 20,
                "image_source": "OFFICIAL",
                "image_state": "NORMAL",
                "image_type": "PUBLIC_IMAGE",
                "os_name": "Ubuntu Server 22.04 LTS 64bit",
                "platform": "Ubuntu",
                "snapshots": [],
                "support_cloud_init": true,
                "sync_percent": 0
              },
              {
                "architecture": "x86_64",
                "created_time": "",
                "image_creator": "",
                "image_description": "Ubuntu Server 24.04 LTS 64bit",
                "image_id": "img-mmytdhbn",
                "image_name": "Ubuntu Server 24.04 LTS 64bit",
                "image_size": 20,
                "image_source": "OFFICIAL",
                "image_state": "NORMAL",
                "image_type": "PUBLIC_IMAGE",
                "os_name": "Ubuntu Server 24.04 LTS 64bit",
                "platform": "Ubuntu",
                "snapshots": [],
                "support_cloud_init": true,
                "sync_percent": 0
              },
              {
                "architecture": "x86_64",
                "created_time": "",
                "image_creator": "",
                "image_description": "Ubuntu Server 22.04 LTS 64bit GRID16.2",
                "image_id": "img-fipweiwz",
                "image_name": "Ubuntu Server 22.04 LTS 64bit GRID16.2",
                "image_size": 20,
                "image_source": "OFFICIAL",
                "image_state": "NORMAL",
                "image_type": "PUBLIC_IMAGE",
                "os_name": "Ubuntu Server 22.04 LTS 64bit GRID16.2",
                "platform": "Ubuntu",
                "snapshots": [],
                "support_cloud_init": true,
                "sync_percent": 0
              },
              {
                "architecture": "x86_64",
                "created_time": "",
                "image_creator": "",
                "image_description": "Ubuntu Server 20.04 LTS 64bit",
                "image_id": "img-22trbn9x",
                "image_name": "Ubuntu Server 20.04 LTS 64bit",
                "image_size": 20,
                "image_source": "OFFICIAL",
                "image_state": "NORMAL",
                "image_type": "PUBLIC_IMAGE",
                "os_name": "Ubuntu Server 20.04 LTS 64bit",
                "platform": "Ubuntu",
                "snapshots": [],
                "support_cloud_init": true,
                "sync_percent": 0
              },
              {
                "architecture": "x86_64",
                "created_time": "",
                "image_creator": "",
                "image_description": "Ubuntu Server 20.04 LTS 64bit GRID16.2",
                "image_id": "img-rx55p5nv",
                "image_name": "Ubuntu Server 20.04 LTS 64bit GRID16.2",
                "image_size": 20,
                "image_source": "OFFICIAL",
                "image_state": "NORMAL",
                "image_type": "PUBLIC_IMAGE",
                "os_name": "Ubuntu Server 20.04 LTS 64bit GRID16.2",
                "platform": "Ubuntu",
                "snapshots": [],
                "support_cloud_init": true,
                "sync_percent": 0
              },
              {
                "architecture": "x86_64",
                "created_time": "",
                "image_creator": "",
                "image_description": "Ubuntu Server 20.04 LTS 64bit GRID11.1",
                "image_id": "img-j10l2cnz",
                "image_name": "Ubuntu Server 20.04 LTS 64bit GRID11.1",
                "image_size": 20,
                "image_source": "OFFICIAL",
                "image_state": "NORMAL",
                "image_type": "PUBLIC_IMAGE",
                "os_name": "Ubuntu Server 20.04 LTS 64bit GRID11.1",
                "platform": "Ubuntu",
                "snapshots": [],
                "support_cloud_init": true,
                "sync_percent": 0
              },
              {
                "architecture": "arm",
                "created_time": "",
                "image_creator": "",
                "image_description": "Ubuntu 20.04(arm64)",
                "image_id": "img-2eokmhf5",
                "image_name": "Ubuntu 20.04(arm64)",
                "image_size": 20,
                "image_source": "OFFICIAL",
                "image_state": "NORMAL",
                "image_type": "PUBLIC_IMAGE",
                "os_name": "Ubuntu 20.04(arm64)",
                "platform": "Ubuntu",
                "snapshots": [],
                "support_cloud_init": true,
                "sync_percent": 0
              },
              {
                "architecture": "x86_64",
                "created_time": "",
                "image_creator": "",
                "image_description": "Ubuntu Server 18.04 LTS 64bit",
                "image_id": "img-pi0ii46r",
                "image_name": "Ubuntu Server 18.04 LTS 64bit",
                "image_size": 20,
                "image_source": "OFFICIAL",
                "image_state": "NORMAL",
                "image_type": "PUBLIC_IMAGE",
                "os_name": "Ubuntu Server 18.04 LTS 64bit",
                "platform": "Ubuntu",
                "snapshots": [],
                "support_cloud_init": true,
                "sync_percent": 0
              },
              {
                "architecture": "arm",
                "created_time": "",
                "image_creator": "",
                "image_description": "Ubuntu 18.04(arm64)",
                "image_id": "img-9eh8c1p1",
                "image_name": "Ubuntu 18.04(arm64)",
                "image_size": 20,
                "image_source": "OFFICIAL",
                "image_state": "NORMAL",
                "image_type": "PUBLIC_IMAGE",
                "os_name": "Ubuntu 18.04(arm64)",
                "platform": "Ubuntu",
                "snapshots": [],
                "support_cloud_init": true,
                "sync_percent": 0
              },
              {
                "architecture": "x86_64",
                "created_time": "",
                "image_creator": "",
                "image_description": "Ubuntu Server 16.04 LTS 64bit",
                "image_id": "img-pyqx34y1",
                "image_name": "Ubuntu Server 16.04 LTS 64bit",
                "image_size": 20,
                "image_source": "OFFICIAL",
                "image_state": "NORMAL",
                "image_type": "PUBLIC_IMAGE",
                "os_name": "Ubuntu Server 16.04 LTS 64bit",
                "platform": "Ubuntu",
                "snapshots": [],
                "support_cloud_init": true,
                "sync_percent": 0
              },
              {
                "architecture": "i386",
                "created_time": "",
                "image_creator": "",
                "image_description": "Ubuntu Server 16.04 LTS 32bit",
                "image_id": "img-8u6dn6p1",
                "image_name": "Ubuntu Server 16.04 LTS 32bit",
                "image_size": 20,
                "image_source": "OFFICIAL",
                "image_state": "NORMAL",
                "image_type": "PUBLIC_IMAGE",
                "os_name": "Ubuntu Server 16.04 LTS 32bit",
                "platform": "Ubuntu",
                "snapshots": [],
                "support_cloud_init": true,
                "sync_percent": 0
              },
              {
                "architecture": "x86_64",
                "created_time": "",
                "image_creator": "",
                "image_description": "Ubuntu Server 14.04 LTS 64bit",
                "image_id": "img-3wnd9xpl",
                "image_name": "Ubuntu Server 14.04 LTS 64bit",
                "image_size": 20,
                "image_source": "OFFICIAL",
                "image_state": "NORMAL",
                "image_type": "PUBLIC_IMAGE",
                "os_name": "Ubuntu Server 14.04 LTS 64bit",
                "platform": "Ubuntu",
                "snapshots": [],
                "support_cloud_init": true,
                "sync_percent": 0
              },
              {
                "architecture": "i386",
                "created_time": "",
                "image_creator": "",
                "image_description": "Ubuntu Server 14.04 LTS 32bit",
                "image_id": "img-qpxvpujt",
                "image_name": "Ubuntu Server 14.04 LTS 32bit",
                "image_size": 50,
                "image_source": "OFFICIAL",
                "image_state": "NORMAL",
                "image_type": "PUBLIC_IMAGE",
                "os_name": "Ubuntu Server 14.04 LTS 32bit",
                "platform": "Ubuntu",
                "snapshots": [],
                "support_cloud_init": false,
                "sync_percent": 0
              },
              {
                "architecture": "x86_64",
                "created_time": "",
                "image_creator": "",
                "image_description": "Ubuntu Server 22.04 LTS 64bit UEFI版",
                "image_id": "img-7rotv4ux",
                "image_name": "Ubuntu Server 22.04 LTS 64bit UEFI版",
                "image_size": 20,
                "image_source": "OFFICIAL",
                "image_state": "NORMAL",
                "image_type": "PUBLIC_IMAGE",
                "os_name": "Ubuntu Server 22.04 LTS 64bit UEFI版",
                "platform": "Ubuntu",
                "snapshots": [],
                "support_cloud_init": true,
                "sync_percent": 0
              }
            ],
            "instance_type": null,
            "os_name": "ubuntu",
            "result_output_file": null
          },
          "sensitive_attributes": []
        }
      ]
    },
    {
      "module": "module.cvm",
      "mode": "data",
      "type": "tencentcloud_instance_types",
      "name": "default",
      "provider": "module.cvm.provider[\"registry.terraform.io/tencentcloudstack/tencentcloud\"]",
      "instances": [
        {
          "schema_version": 0,
          "attributes": {
            "availability_zone": null,
            "cpu_core_count": 2,
            "exclude_sold_out": true,
            "filter": [
              {
                "name": "instance-family",
                "values": [
                  "SA5"
                ]
              }
            ],
            "gpu_core_count": null,
            "id": "101746864",
            "instance_types": [
              {
                "availability_zone": "ap-hongkong-2",
                "cpu_core_count": 2,
                "family": "SA5",
                "gpu_core_count": 0,
                "instance_charge_type": "PREPAID",
                "instance_type": "SA5.MEDIUM4",
                "memory_size": 4,
                "status": "SELL"
              },
              {
                "availability_zone": "ap-hongkong-3",
                "cpu_core_count": 2,
                "family": "SA5",
                "gpu_core_count": 0,
                "instance_charge_type": "PREPAID",
                "instance_type": "SA5.MEDIUM4",
                "memory_size": 4,
                "status": "SELL"
              },
              {
                "availability_zone": "ap-hongkong-2",
                "cpu_core_count": 2,
                "family": "SA5",
                "gpu_core_count": 0,
                "instance_charge_type": "POSTPAID_BY_HOUR",
                "instance_type": "SA5.MEDIUM4",
                "memory_size": 4,
                "status": "SELL"
              },
              {
                "availability_zone": "ap-hongkong-3",
                "cpu_core_count": 2,
                "family": "SA5",
                "gpu_core_count": 0,
                "instance_charge_type": "POSTPAID_BY_HOUR",
                "instance_type": "SA5.MEDIUM4",
                "memory_size": 4,
                "status": "SELL"
              },
              {
                "availability_zone": "ap-hongkong-2",
                "cpu_core_count": 2,
                "family": "SA5",
                "gpu_core_count": 0,
                "instance_charge_type": "SPOTPAID",
                "instance_type": "SA5.MEDIUM4",
                "memory_size": 4,
                "status": "SELL"
              },
              {
                "availability_zone": "ap-hongkong-3",
                "cpu_core_count": 2,
                "family": "SA5",
                "gpu_core_count": 0,
                "instance_charge_type": "SPOTPAID",
                "instance_type": "SA5.MEDIUM4",
                "memory_size": 4,
                "status": "SELL"
              }
            ],
            "memory_size": 4,
            "result_output_file": null
          },
          "sensitive_attributes": []
        }
      ]
    },
    {
      "module": "module.cvm",
      "mode": "managed",
      "type": "tencentcloud_instance",
      "name": "web",
      "provider": "module.cvm.provider[\"registry.terraform.io/tencentcloudstack/tencentcloud\"]",
      "instances": [
        {
          "index_key": 0,
          "schema_version": 0,
          "attributes": {
            "allocate_public_ip": true,
            "availability_zone": "ap-hongkong-2",
            "bandwidth_package_id": null,
            "cam_role_name": "",
            "cdh_host_id": null,
            "cdh_instance_type": null,
            "create_time": "2024-11-10T11:47:57Z",
            "data_disks": [],
            "disable_api_termination": false,
            "disable_monitor_service": false,
            "disable_security_service": false,
            "expired_time": "",
            "force_delete": false,
            "hostname": null,
            "id": "ins-m9ny5278",
            "image_id": "img-487zeit5",
            "instance_charge_type": "SPOTPAID",
            "instance_charge_type_prepaid_period": null,
            "instance_charge_type_prepaid_renew_flag": "",
            "instance_count": null,
            "instance_name": "web server",
            "instance_status": "RUNNING",
            "instance_type": "SA5.MEDIUM4",
            "internet_charge_type": "TRAFFIC_POSTPAID_BY_HOUR",
            "internet_max_bandwidth_out": 100,
            "keep_image_login": null,
            "key_ids": [
              ""
            ],
            "key_name": "",
            "orderly_security_groups": [
              "sg-75vyiia9"
            ],
            "password": "password123",
            "placement_group_id": null,
            "private_ip": "172.19.0.7",
            "project_id": 0,
            "public_ip": "43.135.127.238",
            "running_flag": true,
            "security_groups": [
              "sg-75vyiia9"
            ],
            "spot_instance_type": null,
            "spot_max_price": null,
            "stopped_mode": null,
            "subnet_id": "subnet-namd3iv5",
            "system_disk_id": "disk-j55ssczu",
            "system_disk_size": 50,
            "system_disk_type": "CLOUD_BSSD",
            "tags": null,
            "user_data": null,
            "user_data_raw": null,
            "vpc_id": "vpc-2yi60yxi"
          },
          "sensitive_attributes": [
            [
              {
                "type": "get_attr",
                "value": "password"
              }
            ]
          ],
          "private": "bnVsbA==",
          "dependencies": [
            "module.cvm.data.tencentcloud_availability_zones_by_product.default",
            "module.cvm.data.tencentcloud_images.default",
            "module.cvm.data.tencentcloud_instance_types.default",
            "module.cvm.tencentcloud_security_group.default",
            "module.cvm.tencentcloud_security_group_lite_rule.default"
          ]
        }
      ]
    },
    {
      "module": "module.cvm",
      "mode": "managed",
      "type": "tencentcloud_security_group",
      "name": "default",
      "provider": "module.cvm.provider[\"registry.terraform.io/tencentcloudstack/tencentcloud\"]",
      "instances": [
        {
          "schema_version": 0,
          "attributes": {
            "description": "make it accessible for both production and stage ports",
            "id": "sg-75vyiia9",
            "name": "tf-security-group",
            "project_id": 0,
            "tags": null
          },
          "sensitive_attributes": [],
          "private": "bnVsbA=="
        }
      ]
    },
    {
      "module": "module.cvm",
      "mode": "managed",
      "type": "tencentcloud_security_group_lite_rule",
      "name": "default",
      "provider": "module.cvm.provider[\"registry.terraform.io/tencentcloudstack/tencentcloud\"]",
      "instances": [
        {
          "schema_version": 0,
          "attributes": {
            "egress": [
              "ACCEPT#0.0.0.0/0#ALL#ALL"
            ],
            "id": "sg-75vyiia9",
            "ingress": [
              "ACCEPT#0.0.0.0/0#22#TCP",
              "ACCEPT#0.0.0.0/0#6443#TCP"
            ],
            "security_group_id": "sg-75vyiia9"
          },
          "sensitive_attributes": [],
          "private": "bnVsbA==",
          "dependencies": [
            "module.cvm.tencentcloud_security_group.default"
          ]
        }
      ]
    }
  ],
  "check_results": [
    {
      "object_kind": "var",
      "config_addr": "module.k3s.module.k3s.var.agents",
      "status": "pass",
      "objects": [
        {
          "object_addr": "module.k3s.module.k3s.var.agents",
          "status": "pass"
        }
      ]
    },
    {
      "object_kind": "var",
      "config_addr": "module.k3s.module.k3s.var.name",
      "status": "unknown",
      "objects": [
        {
          "object_addr": "module.k3s.module.k3s.var.name",
          "status": "unknown"
        }
      ]
    },
    {
      "object_kind": "var",
      "config_addr": "module.k3s.module.k3s.var.k3s_install_env_vars",
      "status": "pass",
      "objects": [
        {
          "object_addr": "module.k3s.module.k3s.var.k3s_install_env_vars",
          "status": "pass"
        }
      ]
    },
    {
      "object_kind": "var",
      "config_addr": "module.k3s.module.k3s.var.servers",
      "status": "pass",
      "objects": [
        {
          "object_addr": "module.k3s.module.k3s.var.servers",
          "status": "pass"
        }
      ]
    }
  ]
}
